{
  "name": "leetcode-",
  "version": "1.0.0",
  "lockfileVersion": 2,
  "requires": true,
  "packages": {
    "": {
      "name": "leetcode-",
      "version": "1.0.0",
      "license": "ISC",
      "dependencies": {
        "buckets-js": "^1.98.2"
      }
    },
    "node_modules/buckets-js": {
      "version": "1.98.2",
      "resolved": "https://registry.npmjs.org/buckets-js/-/buckets-js-1.98.2.tgz",
      "integrity": "sha1-LPk2/ebQ3cJi2Jh/2hJWOZYafHM="
    }
  },
  "dependencies": {
    "buckets-js": {
      "version": "1.98.2",
      "resolved": "https://registry.npmjs.org/buckets-js/-/buckets-js-1.98.2.tgz",
      "integrity": "sha1-LPk2/ebQ3cJi2Jh/2hJWOZYafHM="
    }
  }
}
